// !$*UTF8*$!
{
	archiveVersion = 1;
	classes = {
	};
	objectVersion = 46;
	objects = {

/* Begin PBXBuildFile section */
		4A35B8E31F8FEC2A00FDDED8 /* LoginController.swift in Sources */ = {isa = PBXBuildFile; fileRef = 4A35B8E21F8FEC2A00FDDED8 /* LoginController.swift */; };
		4A45316F1F8E96140059AC31 /* MainTabBarController.swift in Sources */ = {isa = PBXBuildFile; fileRef = 4A45316E1F8E96140059AC31 /* MainTabBarController.swift */; };
		4A4531711F8E971C0059AC31 /* UserProfileController.swift in Sources */ = {isa = PBXBuildFile; fileRef = 4A4531701F8E971C0059AC31 /* UserProfileController.swift */; };
		4A4531741F8E9F390059AC31 /* UserProfileHeader.swift in Sources */ = {isa = PBXBuildFile; fileRef = 4A4531731F8E9F390059AC31 /* UserProfileHeader.swift */; };
		4A58178E1F912C6700081A80 /* PhotoSelectorController.swift in Sources */ = {isa = PBXBuildFile; fileRef = 4A58178D1F912C6700081A80 /* PhotoSelectorController.swift */; };
		4A5817901F914DEA00081A80 /* PhotoSelectorCell.swift in Sources */ = {isa = PBXBuildFile; fileRef = 4A58178F1F914DEA00081A80 /* PhotoSelectorCell.swift */; };
		4A77DF561F928C61006F2D3D /* PhotoSelectorHeader.swift in Sources */ = {isa = PBXBuildFile; fileRef = 4A77DF551F928C61006F2D3D /* PhotoSelectorHeader.swift */; };
		4ACEA1461F8D64FF0048413D /* AppDelegate.swift in Sources */ = {isa = PBXBuildFile; fileRef = 4ACEA1451F8D64FF0048413D /* AppDelegate.swift */; };
		4ACEA1481F8D64FF0048413D /* SignUpViewController.swift in Sources */ = {isa = PBXBuildFile; fileRef = 4ACEA1471F8D64FF0048413D /* SignUpViewController.swift */; };
		4ACEA14B1F8D64FF0048413D /* Main.storyboard in Resources */ = {isa = PBXBuildFile; fileRef = 4ACEA1491F8D64FF0048413D /* Main.storyboard */; };
		4ACEA14D1F8D64FF0048413D /* Assets.xcassets in Resources */ = {isa = PBXBuildFile; fileRef = 4ACEA14C1F8D64FF0048413D /* Assets.xcassets */; };
		4ACEA1501F8D64FF0048413D /* LaunchScreen.storyboard in Resources */ = {isa = PBXBuildFile; fileRef = 4ACEA14E1F8D64FF0048413D /* LaunchScreen.storyboard */; };
		4ACEA1591F8D78910048413D /* Extensions.swift in Sources */ = {isa = PBXBuildFile; fileRef = 4ACEA1581F8D78910048413D /* Extensions.swift */; };
		4ACEEC981F8E6DCB0090B795 /* GoogleService-Info.plist in Resources */ = {isa = PBXBuildFile; fileRef = 4ACEEC971F8E6DCB0090B795 /* GoogleService-Info.plist */; };
		7F9604A0EE9F60F8847E2291 /* Pods_Interstellar.framework in Frameworks */ = {isa = PBXBuildFile; fileRef = 483BF3137CD0437DFF669271 /* Pods_Interstellar.framework */; };
/* End PBXBuildFile section */

/* Begin PBXFileReference section */
		0F776F3AB72EA625D57D53C9 /* Pods-Interstellar.release.xcconfig */ = {isa = PBXFileReference; includeInIndex = 1; lastKnownFileType = text.xcconfig; name = "Pods-Interstellar.release.xcconfig"; path = "Pods/Target Support Files/Pods-Interstellar/Pods-Interstellar.release.xcconfig"; sourceTree = "<group>"; };
		483BF3137CD0437DFF669271 /* Pods_Interstellar.framework */ = {isa = PBXFileReference; explicitFileType = wrapper.framework; includeInIndex = 0; path = Pods_Interstellar.framework; sourceTree = BUILT_PRODUCTS_DIR; };
		4A35B8E21F8FEC2A00FDDED8 /* LoginController.swift */ = {isa = PBXFileReference; fileEncoding = 4; lastKnownFileType = sourcecode.swift; path = LoginController.swift; sourceTree = "<group>"; };
		4A45316E1F8E96140059AC31 /* MainTabBarController.swift */ = {isa = PBXFileReference; fileEncoding = 4; lastKnownFileType = sourcecode.swift; path = MainTabBarController.swift; sourceTree = "<group>"; };
		4A4531701F8E971C0059AC31 /* UserProfileController.swift */ = {isa = PBXFileReference; fileEncoding = 4; lastKnownFileType = sourcecode.swift; path = UserProfileController.swift; sourceTree = "<group>"; };
		4A4531731F8E9F390059AC31 /* UserProfileHeader.swift */ = {isa = PBXFileReference; fileEncoding = 4; lastKnownFileType = sourcecode.swift; path = UserProfileHeader.swift; sourceTree = "<group>"; };
		4A58178D1F912C6700081A80 /* PhotoSelectorController.swift */ = {isa = PBXFileReference; fileEncoding = 4; lastKnownFileType = sourcecode.swift; path = PhotoSelectorController.swift; sourceTree = "<group>"; };
		4A58178F1F914DEA00081A80 /* PhotoSelectorCell.swift */ = {isa = PBXFileReference; fileEncoding = 4; lastKnownFileType = sourcecode.swift; path = PhotoSelectorCell.swift; sourceTree = "<group>"; };
		4A77DF551F928C61006F2D3D /* PhotoSelectorHeader.swift */ = {isa = PBXFileReference; fileEncoding = 4; lastKnownFileType = sourcecode.swift; path = PhotoSelectorHeader.swift; sourceTree = "<group>"; };
		4ACEA1421F8D64FF0048413D /* Interstellar.app */ = {isa = PBXFileReference; explicitFileType = wrapper.application; includeInIndex = 0; path = Interstellar.app; sourceTree = BUILT_PRODUCTS_DIR; };
		4ACEA1451F8D64FF0048413D /* AppDelegate.swift */ = {isa = PBXFileReference; lastKnownFileType = sourcecode.swift; path = AppDelegate.swift; sourceTree = "<group>"; };
		4ACEA1471F8D64FF0048413D /* SignUpViewController.swift */ = {isa = PBXFileReference; lastKnownFileType = sourcecode.swift; path = SignUpViewController.swift; sourceTree = "<group>"; };
		4ACEA14A1F8D64FF0048413D /* Base */ = {isa = PBXFileReference; lastKnownFileType = file.storyboard; name = Base; path = Base.lproj/Main.storyboard; sourceTree = "<group>"; };
		4ACEA14C1F8D64FF0048413D /* Assets.xcassets */ = {isa = PBXFileReference; lastKnownFileType = folder.assetcatalog; path = Assets.xcassets; sourceTree = "<group>"; };
		4ACEA14F1F8D64FF0048413D /* Base */ = {isa = PBXFileReference; lastKnownFileType = file.storyboard; name = Base; path = Base.lproj/LaunchScreen.storyboard; sourceTree = "<group>"; };
		4ACEA1511F8D64FF0048413D /* Info.plist */ = {isa = PBXFileReference; lastKnownFileType = text.plist.xml; path = Info.plist; sourceTree = "<group>"; };
		4ACEA1581F8D78910048413D /* Extensions.swift */ = {isa = PBXFileReference; fileEncoding = 4; lastKnownFileType = sourcecode.swift; path = Extensions.swift; sourceTree = "<group>"; };
		4ACEEC971F8E6DCB0090B795 /* GoogleService-Info.plist */ = {isa = PBXFileReference; fileEncoding = 4; lastKnownFileType = text.plist.xml; path = "GoogleService-Info.plist"; sourceTree = "<group>"; };
		D3AC1056B9138C23917DA474 /* Pods-Interstellar.debug.xcconfig */ = {isa = PBXFileReference; includeInIndex = 1; lastKnownFileType = text.xcconfig; name = "Pods-Interstellar.debug.xcconfig"; path = "Pods/Target Support Files/Pods-Interstellar/Pods-Interstellar.debug.xcconfig"; sourceTree = "<group>"; };
/* End PBXFileReference section */

/* Begin PBXFrameworksBuildPhase section */
		4ACEA13F1F8D64FF0048413D /* Frameworks */ = {
			isa = PBXFrameworksBuildPhase;
			buildActionMask = 2147483647;
			files = (
				7F9604A0EE9F60F8847E2291 /* Pods_Interstellar.framework in Frameworks */,
			);
			runOnlyForDeploymentPostprocessing = 0;
		};
/* End PBXFrameworksBuildPhase section */

/* Begin PBXGroup section */
		02823BE7A78BB3FB011A9129 /* Frameworks */ = {
			isa = PBXGroup;
			children = (
				483BF3137CD0437DFF669271 /* Pods_Interstellar.framework */,
			);
			name = Frameworks;
			sourceTree = "<group>";
		};
		078AA42DCCCC30ADCE79C0C3 /* Pods */ = {
			isa = PBXGroup;
			children = (
				D3AC1056B9138C23917DA474 /* Pods-Interstellar.debug.xcconfig */,
				0F776F3AB72EA625D57D53C9 /* Pods-Interstellar.release.xcconfig */,
			);
			name = Pods;
			sourceTree = "<group>";
		};
		4A35B8E41F8FEC3700FDDED8 /* Login */ = {
			isa = PBXGroup;
			children = (
				4A35B8E21F8FEC2A00FDDED8 /* LoginController.swift */,
				4ACEA1471F8D64FF0048413D /* SignUpViewController.swift */,
			);
			name = Login;
			sourceTree = "<group>";
		};
		4A4531721F8E9F210059AC31 /* UserProfile */ = {
			isa = PBXGroup;
			children = (
				4A4531731F8E9F390059AC31 /* UserProfileHeader.swift */,
				4A4531701F8E971C0059AC31 /* UserProfileController.swift */,
			);
			name = UserProfile;
			sourceTree = "<group>";
		};
		4A58178C1F912C4900081A80 /* AddPhoto */ = {
			isa = PBXGroup;
			children = (
				4A58178F1F914DEA00081A80 /* PhotoSelectorCell.swift */,
				4A77DF551F928C61006F2D3D /* PhotoSelectorHeader.swift */,
				4A58178D1F912C6700081A80 /* PhotoSelectorController.swift */,
			);
			name = AddPhoto;
			sourceTree = "<group>";
		};
		4ACEA1391F8D64FF0048413D = {
			isa = PBXGroup;
			children = (
				4ACEA1441F8D64FF0048413D /* Interstellar */,
				4ACEA1431F8D64FF0048413D /* Products */,
				078AA42DCCCC30ADCE79C0C3 /* Pods */,
				02823BE7A78BB3FB011A9129 /* Frameworks */,
			);
			sourceTree = "<group>";
		};
		4ACEA1431F8D64FF0048413D /* Products */ = {
			isa = PBXGroup;
			children = (
				4ACEA1421F8D64FF0048413D /* Interstellar.app */,
			);
			name = Products;
			sourceTree = "<group>";
		};
		4ACEA1441F8D64FF0048413D /* Interstellar */ = {
			isa = PBXGroup;
			children = (
				4ACEA1571F8D787F0048413D /* Helper */,
				4ACEA1451F8D64FF0048413D /* AppDelegate.swift */,
				4A45316E1F8E96140059AC31 /* MainTabBarController.swift */,
				4A35B8E41F8FEC3700FDDED8 /* Login */,
				4A58178C1F912C4900081A80 /* AddPhoto */,
				4A4531721F8E9F210059AC31 /* UserProfile */,
				4ACEA14E1F8D64FF0048413D /* LaunchScreen.storyboard */,
				4ACEA1491F8D64FF0048413D /* Main.storyboard */,
				4ACEA14C1F8D64FF0048413D /* Assets.xcassets */,
				4ACEA1511F8D64FF0048413D /* Info.plist */,
				4ACEEC971F8E6DCB0090B795 /* GoogleService-Info.plist */,
			);
			path = Interstellar;
			sourceTree = "<group>";
		};
		4ACEA1571F8D787F0048413D /* Helper */ = {
			isa = PBXGroup;
			children = (
				4ACEA1581F8D78910048413D /* Extensions.swift */,
			);
			name = Helper;
			sourceTree = "<group>";
		};
/* End PBXGroup section */

/* Begin PBXNativeTarget section */
		4ACEA1411F8D64FF0048413D /* Interstellar */ = {
			isa = PBXNativeTarget;
			buildConfigurationList = 4ACEA1541F8D64FF0048413D /* Build configuration list for PBXNativeTarget "Interstellar" */;
			buildPhases = (
				A900E6B1640325EFC909410C /* [CP] Check Pods Manifest.lock */,
				4ACEA13E1F8D64FF0048413D /* Sources */,
				4ACEA13F1F8D64FF0048413D /* Frameworks */,
				4ACEA1401F8D64FF0048413D /* Resources */,
				462C8EFC379C0F88F0F935E7 /* [CP] Embed Pods Frameworks */,
				BDEF1FF6C43FB7683B259A4A /* [CP] Copy Pods Resources */,
			);
			buildRules = (
			);
			dependencies = (
			);
			name = Interstellar;
			productName = Interstellar;
			productReference = 4ACEA1421F8D64FF0048413D /* Interstellar.app */;
			productType = "com.apple.product-type.application";
		};
/* End PBXNativeTarget section */

/* Begin PBXProject section */
		4ACEA13A1F8D64FF0048413D /* Project object */ = {
			isa = PBXProject;
			attributes = {
				LastSwiftUpdateCheck = 0830;
				LastUpgradeCheck = 0830;
				ORGANIZATIONNAME = devconcept;
				TargetAttributes = {
					4ACEA1411F8D64FF0048413D = {
						CreatedOnToolsVersion = 8.3.3;
						DevelopmentTeam = EFR3UJ9GH9;
						ProvisioningStyle = Automatic;
					};
				};
			};
			buildConfigurationList = 4ACEA13D1F8D64FF0048413D /* Build configuration list for PBXProject "Interstellar" */;
			compatibilityVersion = "Xcode 3.2";
			developmentRegion = English;
			hasScannedForEncodings = 0;
			knownRegions = (
				en,
				Base,
			);
			mainGroup = 4ACEA1391F8D64FF0048413D;
			productRefGroup = 4ACEA1431F8D64FF0048413D /* Products */;
			projectDirPath = "";
			projectRoot = "";
			targets = (
				4ACEA1411F8D64FF0048413D /* Interstellar */,
			);
		};
/* End PBXProject section */

/* Begin PBXResourcesBuildPhase section */
		4ACEA1401F8D64FF0048413D /* Resources */ = {
			isa = PBXResourcesBuildPhase;
			buildActionMask = 2147483647;
			files = (
				4ACEA1501F8D64FF0048413D /* LaunchScreen.storyboard in Resources */,
				4ACEEC981F8E6DCB0090B795 /* GoogleService-Info.plist in Resources */,
				4ACEA14D1F8D64FF0048413D /* Assets.xcassets in Resources */,
				4ACEA14B1F8D64FF0048413D /* Main.storyboard in Resources */,
			);
			runOnlyForDeploymentPostprocessing = 0;
		};
/* End PBXResourcesBuildPhase section */

/* Begin PBXShellScriptBuildPhase section */
		462C8EFC379C0F88F0F935E7 /* [CP] Embed Pods Frameworks */ = {
			isa = PBXShellScriptBuildPhase;
			buildActionMask = 2147483647;
			files = (
			);
			inputPaths = (
				"${SRCROOT}/Pods/Target Support Files/Pods-Interstellar/Pods-Interstellar-frameworks.sh",
				"${BUILT_PRODUCTS_DIR}/GTMSessionFetcher/GTMSessionFetcher.framework",
				"${BUILT_PRODUCTS_DIR}/GoogleToolboxForMac/GoogleToolboxForMac.framework",
				"${BUILT_PRODUCTS_DIR}/leveldb-library/leveldb.framework",
				"${BUILT_PRODUCTS_DIR}/nanopb/nanopb.framework",
			);
			name = "[CP] Embed Pods Frameworks";
			outputPaths = (
				"${TARGET_BUILD_DIR}/${FRAMEWORKS_FOLDER_PATH}/GTMSessionFetcher.framework",
				"${TARGET_BUILD_DIR}/${FRAMEWORKS_FOLDER_PATH}/GoogleToolboxForMac.framework",
				"${TARGET_BUILD_DIR}/${FRAMEWORKS_FOLDER_PATH}/leveldb.framework",
				"${TARGET_BUILD_DIR}/${FRAMEWORKS_FOLDER_PATH}/nanopb.framework",
			);
			runOnlyForDeploymentPostprocessing = 0;
			shellPath = /bin/sh;
			shellScript = "\"${SRCROOT}/Pods/Target Support Files/Pods-Interstellar/Pods-Interstellar-frameworks.sh\"\n";
			showEnvVarsInLog = 0;
		};
		A900E6B1640325EFC909410C /* [CP] Check Pods Manifest.lock */ = {
			isa = PBXShellScriptBuildPhase;
			buildActionMask = 2147483647;
			files = (
			);
			inputPaths = (
				"${PODS_PODFILE_DIR_PATH}/Podfile.lock",
				"${PODS_ROOT}/Manifest.lock",
			);
			name = "[CP] Check Pods Manifest.lock";
			outputPaths = (
				"$(DERIVED_FILE_DIR)/Pods-Interstellar-checkManifestLockResult.txt",
			);
			runOnlyForDeploymentPostprocessing = 0;
			shellPath = /bin/sh;
			shellScript = "diff \"${PODS_PODFILE_DIR_PATH}/Podfile.lock\" \"${PODS_ROOT}/Manifest.lock\" > /dev/null\nif [ $? != 0 ] ; then\n    # print error to STDERR\n    echo \"error: The sandbox is not in sync with the Podfile.lock. Run 'pod install' or update your CocoaPods installation.\" >&2\n    exit 1\nfi\n# This output is used by Xcode 'outputs' to avoid re-running this script phase.\necho \"SUCCESS\" > \"${SCRIPT_OUTPUT_FILE_0}\"\n";
			showEnvVarsInLog = 0;
		};
		BDEF1FF6C43FB7683B259A4A /* [CP] Copy Pods Resources */ = {
			isa = PBXShellScriptBuildPhase;
			buildActionMask = 2147483647;
			files = (
			);
			inputPaths = (
			);
			name = "[CP] Copy Pods Resources";
			outputPaths = (
			);
			runOnlyForDeploymentPostprocessing = 0;
			shellPath = /bin/sh;
			shellScript = "\"${SRCROOT}/Pods/Target Support Files/Pods-Interstellar/Pods-Interstellar-resources.sh\"\n";
			showEnvVarsInLog = 0;
		};
/* End PBXShellScriptBuildPhase section */

/* Begin PBXSourcesBuildPhase section */
		4ACEA13E1F8D64FF0048413D /* Sources */ = {
			isa = PBXSourcesBuildPhase;
			buildActionMask = 2147483647;
			files = (
				4ACEA1481F8D64FF0048413D /* SignUpViewController.swift in Sources */,
				4A5817901F914DEA00081A80 /* PhotoSelectorCell.swift in Sources */,
				4ACEA1591F8D78910048413D /* Extensions.swift in Sources */,
				4A45316F1F8E96140059AC31 /* MainTabBarController.swift in Sources */,
				4A4531741F8E9F390059AC31 /* UserProfileHeader.swift in Sources */,
				4A4531711F8E971C0059AC31 /* UserProfileController.swift in Sources */,
				4ACEA1461F8D64FF0048413D /* AppDelegate.swift in Sources */,
				4A35B8E31F8FEC2A00FDDED8 /* LoginController.swift in Sources */,
				4A77DF561F928C61006F2D3D /* PhotoSelectorHeader.swift in Sources */,
				4A58178E1F912C6700081A80 /* PhotoSelectorController.swift in Sources */,
			);
			runOnlyForDeploymentPostprocessing = 0;
		};
/* End PBXSourcesBuildPhase section */

/* Begin PBXVariantGroup section */
		4ACEA1491F8D64FF0048413D /* Main.storyboard */ = {
			isa = PBXVariantGroup;
			children = (
				4ACEA14A1F8D64FF0048413D /* Base */,
			);
			name = Main.storyboard;
			sourceTree = "<group>";
		};
		4ACEA14E1F8D64FF0048413D /* LaunchScreen.storyboard */ = {
			isa = PBXVariantGroup;
			children = (
				4ACEA14F1F8D64FF0048413D /* Base */,
			);
			name = LaunchScreen.storyboard;
			sourceTree = "<group>";
		};
/* End PBXVariantGroup section */

/* Begin XCBuildConfiguration section */
		4ACEA1521F8D64FF0048413D /* Debug */ = {
			isa = XCBuildConfiguration;
			buildSettings = {
				ALWAYS_SEARCH_USER_PATHS = NO;
				CLANG_ANALYZER_NONNULL = YES;
				CLANG_ANALYZER_NUMBER_OBJECT_CONVERSION = YES_AGGRESSIVE;
				CLANG_CXX_LANGUAGE_STANDARD = "gnu++0x";
				CLANG_CXX_LIBRARY = "libc++";
				CLANG_ENABLE_MODULES = YES;
				CLANG_ENABLE_OBJC_ARC = YES;
				CLANG_WARN_BOOL_CONVERSION = YES;
				CLANG_WARN_CONSTANT_CONVERSION = YES;
				CLANG_WARN_DIRECT_OBJC_ISA_USAGE = YES_ERROR;
				CLANG_WARN_DOCUMENTATION_COMMENTS = YES;
				CLANG_WARN_EMPTY_BODY = YES;
				CLANG_WARN_ENUM_CONVERSION = YES;
				CLANG_WARN_INFINITE_RECURSION = YES;
				CLANG_WARN_INT_CONVERSION = YES;
				CLANG_WARN_OBJC_ROOT_CLASS = YES_ERROR;
				CLANG_WARN_SUSPICIOUS_MOVE = YES;
				CLANG_WARN_UNREACHABLE_CODE = YES;
				CLANG_WARN__DUPLICATE_METHOD_MATCH = YES;
				"CODE_SIGN_IDENTITY[sdk=iphoneos*]" = "iPhone Developer";
				COPY_PHASE_STRIP = NO;
				DEBUG_INFORMATION_FORMAT = dwarf;
				ENABLE_STRICT_OBJC_MSGSEND = YES;
				ENABLE_TESTABILITY = YES;
				GCC_C_LANGUAGE_STANDARD = gnu99;
				GCC_DYNAMIC_NO_PIC = NO;
				GCC_NO_COMMON_BLOCKS = YES;
				GCC_OPTIMIZATION_LEVEL = 0;
				GCC_PREPROCESSOR_DEFINITIONS = (
					"DEBUG=1",
					"$(inherited)",
				);
				GCC_WARN_64_TO_32_BIT_CONVERSION = YES;
				GCC_WARN_ABOUT_RETURN_TYPE = YES_ERROR;
				GCC_WARN_UNDECLARED_SELECTOR = YES;
				GCC_WARN_UNINITIALIZED_AUTOS = YES_AGGRESSIVE;
				GCC_WARN_UNUSED_FUNCTION = YES;
				GCC_WARN_UNUSED_VARIABLE = YES;
				IPHONEOS_DEPLOYMENT_TARGET = 10.3;
				MTL_ENABLE_DEBUG_INFO = YES;
				ONLY_ACTIVE_ARCH = YES;
				SDKROOT = iphoneos;
				SWIFT_ACTIVE_COMPILATION_CONDITIONS = DEBUG;
				SWIFT_OPTIMIZATION_LEVEL = "-Onone";
				TARGETED_DEVICE_FAMILY = "1,2";
			};
			name = Debug;
		};
		4ACEA1531F8D64FF0048413D /* Release */ = {
			isa = XCBuildConfiguration;
			buildSettings = {
				ALWAYS_SEARCH_USER_PATHS = NO;
				CLANG_ANALYZER_NONNULL = YES;
				CLANG_ANALYZER_NUMBER_OBJECT_CONVERSION = YES_AGGRESSIVE;
				CLANG_CXX_LANGUAGE_STANDARD = "gnu++0x";
				CLANG_CXX_LIBRARY = "libc++";
				CLANG_ENABLE_MODULES = YES;
				CLANG_ENABLE_OBJC_ARC = YES;
				CLANG_WARN_BOOL_CONVERSION = YES;
				CLANG_WARN_CONSTANT_CONVERSION = YES;
				CLANG_WARN_DIRECT_OBJC_ISA_USAGE = YES_ERROR;
				CLANG_WARN_DOCUMENTATION_COMMENTS = YES;
				CLANG_WARN_EMPTY_BODY = YES;
				CLANG_WARN_ENUM_CONVERSION = YES;
				CLANG_WARN_INFINITE_RECURSION = YES;
				CLANG_WARN_INT_CONVERSION = YES;
				CLANG_WARN_OBJC_ROOT_CLASS = YES_ERROR;
				CLANG_WARN_SUSPICIOUS_MOVE = YES;
				CLANG_WARN_UNREACHABLE_CODE = YES;
				CLANG_WARN__DUPLICATE_METHOD_MATCH = YES;
				"CODE_SIGN_IDENTITY[sdk=iphoneos*]" = "iPhone Developer";
				COPY_PHASE_STRIP = NO;
				DEBUG_INFORMATION_FORMAT = "dwarf-with-dsym";
				ENABLE_NS_ASSERTIONS = NO;
				ENABLE_STRICT_OBJC_MSGSEND = YES;
				GCC_C_LANGUAGE_STANDARD = gnu99;
				GCC_NO_COMMON_BLOCKS = YES;
				GCC_WARN_64_TO_32_BIT_CONVERSION = YES;
				GCC_WARN_ABOUT_RETURN_TYPE = YES_ERROR;
				GCC_WARN_UNDECLARED_SELECTOR = YES;
				GCC_WARN_UNINITIALIZED_AUTOS = YES_AGGRESSIVE;
				GCC_WARN_UNUSED_FUNCTION = YES;
				GCC_WARN_UNUSED_VARIABLE = YES;
				IPHONEOS_DEPLOYMENT_TARGET = 10.3;
				MTL_ENABLE_DEBUG_INFO = NO;
				SDKROOT = iphoneos;
				SWIFT_OPTIMIZATION_LEVEL = "-Owholemodule";
				TARGETED_DEVICE_FAMILY = "1,2";
				VALIDATE_PRODUCT = YES;
			};
			name = Release;
		};
		4ACEA1551F8D64FF0048413D /* Debug */ = {
			isa = XCBuildConfiguration;
			baseConfigurationReference = D3AC1056B9138C23917DA474 /* Pods-Interstellar.debug.xcconfig */;
			buildSettings = {
				ASSETCATALOG_COMPILER_APPICON_NAME = AppIcon;
				DEVELOPMENT_TEAM = EFR3UJ9GH9;
				INFOPLIST_FILE = Interstellar/Info.plist;
				LD_RUNPATH_SEARCH_PATHS = "$(inherited) @executable_path/Frameworks";
				PRODUCT_BUNDLE_IDENTIFIER = com.devconcept.Interstellar;
				PRODUCT_NAME = "$(TARGET_NAME)";
				SWIFT_VERSION = 3.0;
			};
			name = Debug;
		};
		4ACEA1561F8D64FF0048413D /* Release */ = {
			isa = XCBuildConfiguration;
			baseConfigurationReference = 0F776F3AB72EA625D57D53C9 /* Pods-Interstellar.release.xcconfig */;
			buildSettings = {
				ASSETCATALOG_COMPILER_APPICON_NAME = AppIcon;
				DEVELOPMENT_TEAM = EFR3UJ9GH9;
				INFOPLIST_FILE = Interstellar/Info.plist;
				LD_RUNPATH_SEARCH_PATHS = "$(inherited) @executable_path/Frameworks";
				PRODUCT_BUNDLE_IDENTIFIER = com.devconcept.Interstellar;
				PRODUCT_NAME = "$(TARGET_NAME)";
				SWIFT_VERSION = 3.0;
			};
			name = Release;
		};
/* End XCBuildConfiguration section */

/* Begin XCConfigurationList section */
		4ACEA13D1F8D64FF0048413D /* Build configuration list for PBXProject "Interstellar" */ = {
			isa = XCConfigurationList;
			buildConfigurations = (
				4ACEA1521F8D64FF0048413D /* Debug */,
				4ACEA1531F8D64FF0048413D /* Release */,
			);
			defaultConfigurationIsVisible = 0;
			defaultConfigurationName = Release;
		};
		4ACEA1541F8D64FF0048413D /* Build configuration list for PBXNativeTarget "Interstellar" */ = {
			isa = XCConfigurationList;
			buildConfigurations = (
				4ACEA1551F8D64FF0048413D /* Debug */,
				4ACEA1561F8D64FF0048413D /* Release */,
			);
			defaultConfigurationIsVisible = 0;
			defaultConfigurationName = Release;
		};
/* End XCConfigurationList section */
	};
	rootObject = 4ACEA13A1F8D64FF0048413D /* Project object */;
}
